<?xml version="1.0" encoding="utf-8"?>
<Project ToolsVersion="4.0" xmlns="http://schemas.microsoft.com/developer/msbuild/2003">
  <ItemGroup>
    <Filter Include="Source Files">
      <UniqueIdentifier>{4FC737F1-C7A5-4376-A066-2A32D752A2FF}</UniqueIdentifier>
      <Extensions>cpp;c;cc;cxx;def;odl;idl;hpj;bat;asm;asmx</Extensions>
    </Filter>
    <Filter Include="Header Files">
      <UniqueIdentifier>{93995380-89BD-4b04-88EB-625FBE52EBFB}</UniqueIdentifier>
      <Extensions>h;hh;hpp;hxx;hm;inl;inc;xsd</Extensions>
    </Filter>
    <Filter Include="Resource Files">
      <UniqueIdentifier>{67DA6AB6-F800-4c08-8B7A-83BB121AAD01}</UniqueIdentifier>
      <Extensions>rc;ico;cur;bmp;dlg;rc2;rct;bin;rgs;gif;jpg;jpeg;jpe;resx;tiff;tif;png;wav;mfcribbon-ms</Extensions>
    </Filter>
    <Filter Include="Math">
      <UniqueIdentifier>{d56b013c-1984-46c0-8b38-04ed40389609}</UniqueIdentifier>
    </Filter>
    <Filter Include="DataStructures">
      <UniqueIdentifier>{7bfe0c8b-799f-46da-aa0a-41a85b93dbd1}</UniqueIdentifier>
    </Filter>
  </ItemGroup>
  <ItemGroup>
    <ClInclude Include="Macros.h">
      <Filter>Header Files</Filter>
    </ClInclude>
    <ClInclude Include="GrowingArray.h">
      <Filter>DataStructures</Filter>
    </ClInclude>
    <ClInclude Include="StaticArray.h">
      <Filter>DataStructures</Filter>
    </ClInclude>
    <ClInclude Include="VectorOnStack.h">
      <Filter>DataStructures</Filter>
    </ClInclude>
    <ClInclude Include="TemplateQueue.h">
      <Filter>DataStructures</Filter>
    </ClInclude>
    <ClInclude Include="Matrix.h">
      <Filter>Math</Filter>
    </ClInclude>
    <ClInclude Include="Matrix33.h">
      <Filter>Math</Filter>
    </ClInclude>
    <ClInclude Include="Matrix33Decl.h">
      <Filter>Math</Filter>
    </ClInclude>
    <ClInclude Include="Matrix44.h">
      <Filter>Math</Filter>
    </ClInclude>
    <ClInclude Include="Matrix44Decl.h">
      <Filter>Math</Filter>
    </ClInclude>
    <ClInclude Include="Vector.h">
      <Filter>Math</Filter>
    </ClInclude>
    <ClInclude Include="Vector2.h">
      <Filter>Math</Filter>
    </ClInclude>
    <ClInclude Include="Vector2decl.h">
      <Filter>Math</Filter>
    </ClInclude>
    <ClInclude Include="Vector3.h">
      <Filter>Math</Filter>
    </ClInclude>
    <ClInclude Include="Vector3decl.h">
      <Filter>Math</Filter>
    </ClInclude>
    <ClInclude Include="Vector4.h">
      <Filter>Math</Filter>
    </ClInclude>
    <ClInclude Include="Vector4decl.h">
      <Filter>Math</Filter>
    </ClInclude>
    <ClInclude Include="Greater.h">
      <Filter>DataStructures</Filter>
    </ClInclude>
    <ClInclude Include="Heap.h">
      <Filter>DataStructures</Filter>
    </ClInclude>
    <ClInclude Include="Lesser.h">
      <Filter>DataStructures</Filter>
    </ClInclude>
    <ClInclude Include="DynamicContainer.h">
      <Filter>DataStructures</Filter>
    </ClInclude>
    <ClInclude Include="OpaqueDictionary.h">
      <Filter>DataStructures</Filter>
    </ClInclude>
    <ClInclude Include="Utilities.h">
      <Filter>Source Files</Filter>
    </ClInclude>
  </ItemGroup>
  <ItemGroup>
    <ClCompile Include="Utilities.cpp">
      <Filter>Source Files</Filter>
    </ClCompile>
  </ItemGroup>
</Project>