<?xml version="1.0" encoding="utf-8"?>
<Project ToolsVersion="4.0" xmlns="http://schemas.microsoft.com/developer/msbuild/2003">
  <ItemGroup>
    <Filter Include="Components">
      <UniqueIdentifier>{f36c2265-dc4e-4877-bce3-0f4636fa92bd}</UniqueIdentifier>
    </Filter>
    <Filter Include="Objects">
      <UniqueIdentifier>{75e8b424-a23a-4f38-bc72-8e4541e1684c}</UniqueIdentifier>
    </Filter>
    <Filter Include="Components\RigidBodyComponents">
      <UniqueIdentifier>{11be75bb-c336-434c-b75a-16ade8f0c17e}</UniqueIdentifier>
    </Filter>
    <Filter Include="Components\ControllerComponents">
      <UniqueIdentifier>{19e0e2af-9fbe-4d2d-b1e6-225db51217cc}</UniqueIdentifier>
    </Filter>
    <Filter Include="Factories">
      <UniqueIdentifier>{8fb395da-4bfe-479d-893c-44f65c5d3af9}</UniqueIdentifier>
    </Filter>
    <Filter Include="Components\Targeting">
      <UniqueIdentifier>{2dde74a2-fdc6-485b-9e93-259539aede12}</UniqueIdentifier>
    </Filter>
  </ItemGroup>
  <ItemGroup>
    <ClInclude Include="IComponent.h">
      <Filter>Components</Filter>
    </ClInclude>
    <ClInclude Include="GameObject.h">
      <Filter>Objects</Filter>
    </ClInclude>
    <ClInclude Include="SpriteComponent.h">
      <Filter>Components</Filter>
    </ClInclude>
    <ClInclude Include="PhysicsComponent.h">
      <Filter>Components</Filter>
    </ClInclude>
    <ClInclude Include="PositionComponent.h">
      <Filter>Components</Filter>
    </ClInclude>
    <ClInclude Include="EnemyRigidBodyComponent.h">
      <Filter>Components\RigidBodyComponents</Filter>
    </ClInclude>
    <ClInclude Include="RigidBodyComponent.h">
      <Filter>Components\RigidBodyComponents</Filter>
    </ClInclude>
    <ClInclude Include="InputComponent.h">
      <Filter>Components\ControllerComponents</Filter>
    </ClInclude>
    <ClInclude Include="EnemyAIComponent.h">
      <Filter>Components\ControllerComponents</Filter>
    </ClInclude>
    <ClInclude Include="ComponentFactory.h">
      <Filter>Factories</Filter>
    </ClInclude>
    <ClInclude Include="GameObjectFactory.h">
      <Filter>Factories</Filter>
    </ClInclude>
    <ClInclude Include="TargetingComponent.h">
      <Filter>Components\Targeting</Filter>
    </ClInclude>
    <ClInclude Include="HealthComponent.h">
      <Filter>Components</Filter>
    </ClInclude>
  </ItemGroup>
  <ItemGroup>
    <ClCompile Include="IComponent.cpp">
      <Filter>Components</Filter>
    </ClCompile>
    <ClCompile Include="GameObject.cpp">
      <Filter>Objects</Filter>
    </ClCompile>
    <ClCompile Include="SpriteComponent.cpp">
      <Filter>Components</Filter>
    </ClCompile>
    <ClCompile Include="PhysicsComponent.cpp">
      <Filter>Components</Filter>
    </ClCompile>
    <ClCompile Include="PositionComponent.cpp">
      <Filter>Components</Filter>
    </ClCompile>
    <ClCompile Include="EnemyRigidBodyComponent.cpp">
      <Filter>Components\RigidBodyComponents</Filter>
    </ClCompile>
    <ClCompile Include="RigidBodyComponent.cpp">
      <Filter>Components\RigidBodyComponents</Filter>
    </ClCompile>
    <ClCompile Include="InputComponent.cpp">
      <Filter>Components\ControllerComponents</Filter>
    </ClCompile>
    <ClCompile Include="EnemyAIComponent.cpp">
      <Filter>Components\ControllerComponents</Filter>
    </ClCompile>
    <ClCompile Include="ComponentFactory.cpp">
      <Filter>Factories</Filter>
    </ClCompile>
    <ClCompile Include="GameObjectFactory.cpp">
      <Filter>Factories</Filter>
    </ClCompile>
    <ClCompile Include="TargetingComponent.cpp">
      <Filter>Components\Targeting</Filter>
    </ClCompile>
    <ClCompile Include="HealthComponent.cpp">
      <Filter>Components</Filter>
    </ClCompile>
  </ItemGroup>
</Project>