<?xml version="1.0" encoding="utf-8"?>
<Project ToolsVersion="4.0" xmlns="http://schemas.microsoft.com/developer/msbuild/2003">
  <ItemGroup>
    <Filter Include="Source Files">
      <UniqueIdentifier>{4FC737F1-C7A5-4376-A066-2A32D752A2FF}</UniqueIdentifier>
      <Extensions>cpp;c;cc;cxx;def;odl;idl;hpj;bat;asm;asmx</Extensions>
    </Filter>
    <Filter Include="Header Files">
      <UniqueIdentifier>{93995380-89BD-4b04-88EB-625FBE52EBFB}</UniqueIdentifier>
      <Extensions>h;hh;hpp;hxx;hm;inl;inc;xsd</Extensions>
    </Filter>
    <Filter Include="Resource Files">
      <UniqueIdentifier>{67DA6AB6-F800-4c08-8B7A-83BB121AAD01}</UniqueIdentifier>
      <Extensions>rc;ico;cur;bmp;dlg;rc2;rct;bin;rgs;gif;jpg;jpeg;jpe;resx;tiff;tif;png;wav;mfcribbon-ms</Extensions>
    </Filter>
    <Filter Include="TinyXML">
      <UniqueIdentifier>{32d8cfed-23f7-46b7-9181-21ff89223a45}</UniqueIdentifier>
    </Filter>
    <Filter Include="Threading">
      <UniqueIdentifier>{e1cf159c-7943-46cd-b5d1-1894923bd80a}</UniqueIdentifier>
    </Filter>
    <Filter Include="2DCamera">
      <UniqueIdentifier>{efe1a713-8bda-4102-b2c5-ca9900d27461}</UniqueIdentifier>
    </Filter>
    <Filter Include="Rendering">
      <UniqueIdentifier>{f89e70d7-5e4f-4460-8a81-f701b3ae577c}</UniqueIdentifier>
    </Filter>
  </ItemGroup>
  <ItemGroup>
    <ClCompile Include="main.cpp">
      <Filter>Source Files</Filter>
    </ClCompile>
    <ClCompile Include="Game.cpp">
      <Filter>Source Files</Filter>
    </ClCompile>
    <ClCompile Include="tinyxml2.cpp">
      <Filter>TinyXML</Filter>
    </ClCompile>
    <ClCompile Include="Threading\Syncronizer.cpp">
      <Filter>Threading</Filter>
    </ClCompile>
    <ClCompile Include="2DCamera\Camera.cpp">
      <Filter>2DCamera</Filter>
    </ClCompile>
    <ClCompile Include="XMLReader.cpp">
      <Filter>TinyXML</Filter>
    </ClCompile>
    <ClCompile Include="XMLWriter.cpp">
      <Filter>TinyXML</Filter>
    </ClCompile>
    <ClCompile Include="Rendering\RenderCommand.cpp">
      <Filter>Rendering</Filter>
    </ClCompile>
    <ClCompile Include="Rendering\Renderer.cpp">
      <Filter>Rendering</Filter>
    </ClCompile>
    <ClCompile Include="Rendering\ResourceManager.cpp">
      <Filter>Rendering</Filter>
    </ClCompile>
    <ClCompile Include="Rendering\Sprite.cpp">
      <Filter>Rendering</Filter>
    </ClCompile>
  </ItemGroup>
  <ItemGroup>
    <ClInclude Include="tinyxml2.h">
      <Filter>TinyXML</Filter>
    </ClInclude>
    <ClInclude Include="Game.h">
      <Filter>Source Files</Filter>
    </ClInclude>
    <ClInclude Include="Threading\Syncronizer.h">
      <Filter>Threading</Filter>
    </ClInclude>
    <ClInclude Include="2DCamera\Camera.h">
      <Filter>2DCamera</Filter>
    </ClInclude>
    <ClInclude Include="XMLReader.h">
      <Filter>TinyXML</Filter>
    </ClInclude>
    <ClInclude Include="XMLWriter.h">
      <Filter>TinyXML</Filter>
    </ClInclude>
    <ClInclude Include="Rendering\RenderCommand.h">
      <Filter>Rendering</Filter>
    </ClInclude>
    <ClInclude Include="Rendering\Renderer.h">
      <Filter>Rendering</Filter>
    </ClInclude>
    <ClInclude Include="Rendering\ResourceManager.h">
      <Filter>Rendering</Filter>
    </ClInclude>
    <ClInclude Include="Rendering\Sprite.h">
      <Filter>Rendering</Filter>
    </ClInclude>
  </ItemGroup>
</Project>